
Microsoft Visual Studio Solution File, Format Version 12.00
# Visual Studio Version 16
VisualStudioVersion = 16.0.30413.136
MinimumVisualStudioVersion = 10.0.40219.1
Project("{2150E333-8FDC-42A3-9474-1A3956D46DE8}") = "Solution Items", "Solution Items", "{AFB85C61-2749-4D73-AE2A-A1C0D2014D27}"
	ProjectSection(SolutionItems) = preProject
		.editorconfig = .editorconfig
	EndProjectSection
EndProject
Project("{2150E333-8FDC-42A3-9474-1A3956D46DE8}") = "Domain", "Domain", "{F4DA565C-3F3A-414A-B330-1170352E14D0}"
EndProject
Project("{2150E333-8FDC-42A3-9474-1A3956D46DE8}") = "Services", "Services", "{B9296411-70BB-444B-9C6B-30A3CFA49FAC}"
EndProject
Project("{2150E333-8FDC-42A3-9474-1A3956D46DE8}") = "Infra", "Infra", "{741CB76B-7F1B-440D-8511-4D0E34EABAB8}"
EndProject
Project("{2150E333-8FDC-42A3-9474-1A3956D46DE8}") = "Tests", "Tests", "{5F541154-C042-4943-92F2-3468BD9F06F7}"
EndProject
Project("{2150E333-8FDC-42A3-9474-1A3956D46DE8}") = "Delivery", "Delivery", "{C471C36E-3EBE-46BD-A1D8-7429682C5C4F}"
EndProject
Project("{2150E333-8FDC-42A3-9474-1A3956D46DE8}") = "Pagamento", "Pagamento", "{3265AEA1-E943-4040-ADA2-1796F79A3ECB}"
EndProject
Project("{2150E333-8FDC-42A3-9474-1A3956D46DE8}") = "Api", "Api", "{448D44FD-F771-4093-B3EE-CE9697999D5B}"
EndProject
Project("{2150E333-8FDC-42A3-9474-1A3956D46DE8}") = "Core", "Core", "{F731ADD7-C5BD-4BB9-B66B-C8536D7B9EFA}"
EndProject
Project("{2150E333-8FDC-42A3-9474-1A3956D46DE8}") = "Infra", "Infra", "{2B6AD256-5F2C-48F0-B56A-D3E7A83E3EB5}"
EndProject
Project("{2150E333-8FDC-42A3-9474-1A3956D46DE8}") = "Domain", "Domain", "{72881685-C61D-42A7-88C9-30C332A8F3AC}"
EndProject
Project("{2150E333-8FDC-42A3-9474-1A3956D46DE8}") = "Api", "Api", "{874F27ED-5B29-4766-B2FE-B05ECEFF7A29}"
EndProject
Project("{9A19103F-16F7-4668-BE54-9A1E7A4F7556}") = "devboost.dronedelivery.Api", "Delivery\Api\devboost.dronedelivery.Api.csproj", "{AE9BFC52-86E7-4190-800F-6487DFFD705C}"
EndProject
Project("{2150E333-8FDC-42A3-9474-1A3956D46DE8}") = "Data", "Data", "{AE40BF5F-FD75-47B2-B27D-8AEB26C95778}"
EndProject
Project("{2150E333-8FDC-42A3-9474-1A3956D46DE8}") = "Security", "Security", "{60985C09-65BF-4967-9818-59DD9D4517FD}"
EndProject
Project("{9A19103F-16F7-4668-BE54-9A1E7A4F7556}") = "devboost.dronedelivery.Infra.Data", "Infra\Data\devboost.dronedelivery.Infra.Data.csproj", "{5062738D-09C8-4306-9141-3444CB2F58B9}"
EndProject
Project("{2150E333-8FDC-42A3-9474-1A3956D46DE8}") = "Domain", "Domain", "{7553C1BF-D10D-45B2-90E5-D5B3C62D8C30}"
EndProject
Project("{2150E333-8FDC-42A3-9474-1A3956D46DE8}") = "Services", "Services", "{0539EFC1-2262-4B50-8B68-F44A38A4B2E2}"
EndProject
Project("{9A19103F-16F7-4668-BE54-9A1E7A4F7556}") = "devboost.dronedelivery.test", "Delivery\Tests\devboost.dronedelivery.test\devboost.dronedelivery.test.csproj", "{7C5773A4-1D95-481C-BF43-CD4FC2FFDE6D}"
EndProject
Project("{9A19103F-16F7-4668-BE54-9A1E7A4F7556}") = "devboost.dronedelivery.Services", "Delivery\Services\devboost.dronedelivery.Services.csproj", "{85ACA550-33EB-4F49-9C10-AE07C1693A81}"
EndProject
Project("{9A19103F-16F7-4668-BE54-9A1E7A4F7556}") = "devboost.dronedelivery.domain", "Delivery\Domain\devboost.dronedelivery.domain\devboost.dronedelivery.domain.csproj", "{BE95094D-B469-44E5-8D3E-BCD2BDB0E275}"
EndProject
Project("{9A19103F-16F7-4668-BE54-9A1E7A4F7556}") = "devboost.dronedelivery.security.service", "Infra\Security\Services\devboost.dronedelivery.security.service.csproj", "{1636A831-05E6-4F6B-B8AE-2866099D1AED}"
EndProject
Project("{9A19103F-16F7-4668-BE54-9A1E7A4F7556}") = "devboost.dronedelivery.pagamento.Api", "Pagamento\Api\devboost.dronedelivery.pagamento\devboost.dronedelivery.pagamento.Api.csproj", "{3FFFFFC9-8F67-4E8F-931D-5FB310B4EE28}"
EndProject
Project("{9A19103F-16F7-4668-BE54-9A1E7A4F7556}") = "devboost.dronedelivery.pagamento.domain", "Pagamento\Domain\devboost.dronedelivery.pagamento.domain\devboost.dronedelivery.pagamento.domain.csproj", "{42B9B0D9-B3A6-423A-8873-418BD5264123}"
EndProject
Project("{2150E333-8FDC-42A3-9474-1A3956D46DE8}") = "Services", "Services", "{AFD30C25-50BB-4833-951D-49FF47705580}"
EndProject
Project("{9A19103F-16F7-4668-BE54-9A1E7A4F7556}") = "devboost.dronedelivery.pagamento.services", "Pagamento\Services\devboost.microservices.pagamento.services\devboost.dronedelivery.pagamento.services.csproj", "{E1CA265B-74EB-40F2-AD21-05B158BD15A7}"
EndProject
Project("{9A19103F-16F7-4668-BE54-9A1E7A4F7556}") = "devboost.dronedelivery.pagamento.EF", "Pagamento\Infra\devboost.dronedelivery.pagamento.EF\devboost.dronedelivery.pagamento.EF.csproj", "{3A19607F-A58A-4075-98FE-C42A7BBD30C1}"
EndProject
Project("{2150E333-8FDC-42A3-9474-1A3956D46DE8}") = "Domain", "Domain", "{D242BFC2-EC1A-4E9D-A1B8-F667C8CA30C5}"
EndProject
Project("{2150E333-8FDC-42A3-9474-1A3956D46DE8}") = "Services", "Services", "{B73B34BB-61A9-4B55-A3FC-4316734B97B1}"
EndProject
Project("{9A19103F-16F7-4668-BE54-9A1E7A4F7556}") = "devboost.dronedelivery.core.domain", "Core\Domain\devboost.dronedelivery.core.domain.csproj", "{63889015-FBFD-419B-AE67-DCF29C780D32}"
EndProject
Project("{9A19103F-16F7-4668-BE54-9A1E7A4F7556}") = "devboost.dronedelivery.core.services", "Core\Services\devboost.dronedelivery.core.services\devboost.dronedelivery.core.services.csproj", "{C9F49A73-612C-4E9E-AA4F-BB87BCC3DE14}"
EndProject
Project("{9A19103F-16F7-4668-BE54-9A1E7A4F7556}") = "devboost.dronedelivery.security.domain", "Infra\Security\Domain\devboost.dronedelivery.security.domain\devboost.dronedelivery.security.domain.csproj", "{C970F0BA-A4E4-481B-A75A-A901939B4EF5}"
EndProject
Project("{2150E333-8FDC-42A3-9474-1A3956D46DE8}") = "ServiceBus", "ServiceBus", "{4B5CE235-16E7-4A29-B7B4-C02056EC4E59}"
EndProject
Project("{2150E333-8FDC-42A3-9474-1A3956D46DE8}") = "Domain", "Domain", "{8623A67F-B3C9-4BC6-A888-B6DE57D82888}"
EndProject
Project("{2150E333-8FDC-42A3-9474-1A3956D46DE8}") = "Service", "Service", "{DBBF5C2D-C75C-4F82-B313-11D22A035CE7}"
EndProject
Project("{9A19103F-16F7-4668-BE54-9A1E7A4F7556}") = "devboost.dronedelivery.sb.domain", "Infra\ServiceBus\domain\devboost.dronedelivery.sb.domain\devboost.dronedelivery.sb.domain.csproj", "{73711FD2-9AEE-4CE3-8E94-B6CB1EB84C8E}"
EndProject
Project("{9A19103F-16F7-4668-BE54-9A1E7A4F7556}") = "devboost.dronedelivery.sb.service", "devboost.dronedelivery.sb.service\devboost.dronedelivery.sb.service.csproj", "{8AB58E72-0E77-4B35-9799-1628E634070D}"
EndProject
Project("{2150E333-8FDC-42A3-9474-1A3956D46DE8}") = "Api", "Api", "{BFC27EDA-1929-4256-B514-9BD8709CCEF9}"
EndProject
Project("{FAE04EC0-301F-11D3-BF4B-00C04F79EFBC}") = "devboost.dronedelivery.sb.consumer.api", "Infra\ServiceBus\api\devboost.dronedelivery.sb.consumer.api\devboost.dronedelivery.sb.consumer.api.csproj", "{3DC8F321-8BD7-4E1E-B746-573D4DC2BB8F}"
EndProject
Global
	GlobalSection(SolutionConfigurationPlatforms) = preSolution
		Debug|Any CPU = Debug|Any CPU
		Release|Any CPU = Release|Any CPU
	EndGlobalSection
	GlobalSection(ProjectConfigurationPlatforms) = postSolution
		{AE9BFC52-86E7-4190-800F-6487DFFD705C}.Debug|Any CPU.ActiveCfg = Debug|Any CPU
		{AE9BFC52-86E7-4190-800F-6487DFFD705C}.Debug|Any CPU.Build.0 = Debug|Any CPU
		{AE9BFC52-86E7-4190-800F-6487DFFD705C}.Release|Any CPU.ActiveCfg = Release|Any CPU
		{AE9BFC52-86E7-4190-800F-6487DFFD705C}.Release|Any CPU.Build.0 = Release|Any CPU
		{5062738D-09C8-4306-9141-3444CB2F58B9}.Debug|Any CPU.ActiveCfg = Debug|Any CPU
		{5062738D-09C8-4306-9141-3444CB2F58B9}.Debug|Any CPU.Build.0 = Debug|Any CPU
		{5062738D-09C8-4306-9141-3444CB2F58B9}.Release|Any CPU.ActiveCfg = Release|Any CPU
		{5062738D-09C8-4306-9141-3444CB2F58B9}.Release|Any CPU.Build.0 = Release|Any CPU
		{7C5773A4-1D95-481C-BF43-CD4FC2FFDE6D}.Debug|Any CPU.ActiveCfg = Debug|Any CPU
		{7C5773A4-1D95-481C-BF43-CD4FC2FFDE6D}.Debug|Any CPU.Build.0 = Debug|Any CPU
		{7C5773A4-1D95-481C-BF43-CD4FC2FFDE6D}.Release|Any CPU.ActiveCfg = Release|Any CPU
		{7C5773A4-1D95-481C-BF43-CD4FC2FFDE6D}.Release|Any CPU.Build.0 = Release|Any CPU
		{85ACA550-33EB-4F49-9C10-AE07C1693A81}.Debug|Any CPU.ActiveCfg = Debug|Any CPU
		{85ACA550-33EB-4F49-9C10-AE07C1693A81}.Debug|Any CPU.Build.0 = Debug|Any CPU
		{85ACA550-33EB-4F49-9C10-AE07C1693A81}.Release|Any CPU.ActiveCfg = Release|Any CPU
		{85ACA550-33EB-4F49-9C10-AE07C1693A81}.Release|Any CPU.Build.0 = Release|Any CPU
		{BE95094D-B469-44E5-8D3E-BCD2BDB0E275}.Debug|Any CPU.ActiveCfg = Debug|Any CPU
		{BE95094D-B469-44E5-8D3E-BCD2BDB0E275}.Debug|Any CPU.Build.0 = Debug|Any CPU
		{BE95094D-B469-44E5-8D3E-BCD2BDB0E275}.Release|Any CPU.ActiveCfg = Release|Any CPU
		{BE95094D-B469-44E5-8D3E-BCD2BDB0E275}.Release|Any CPU.Build.0 = Release|Any CPU
		{1636A831-05E6-4F6B-B8AE-2866099D1AED}.Debug|Any CPU.ActiveCfg = Debug|Any CPU
		{1636A831-05E6-4F6B-B8AE-2866099D1AED}.Debug|Any CPU.Build.0 = Debug|Any CPU
		{1636A831-05E6-4F6B-B8AE-2866099D1AED}.Release|Any CPU.ActiveCfg = Release|Any CPU
		{1636A831-05E6-4F6B-B8AE-2866099D1AED}.Release|Any CPU.Build.0 = Release|Any CPU
		{3FFFFFC9-8F67-4E8F-931D-5FB310B4EE28}.Debug|Any CPU.ActiveCfg = Debug|Any CPU
		{3FFFFFC9-8F67-4E8F-931D-5FB310B4EE28}.Debug|Any CPU.Build.0 = Debug|Any CPU
		{3FFFFFC9-8F67-4E8F-931D-5FB310B4EE28}.Release|Any CPU.ActiveCfg = Release|Any CPU
		{3FFFFFC9-8F67-4E8F-931D-5FB310B4EE28}.Release|Any CPU.Build.0 = Release|Any CPU
		{42B9B0D9-B3A6-423A-8873-418BD5264123}.Debug|Any CPU.ActiveCfg = Debug|Any CPU
		{42B9B0D9-B3A6-423A-8873-418BD5264123}.Debug|Any CPU.Build.0 = Debug|Any CPU
		{42B9B0D9-B3A6-423A-8873-418BD5264123}.Release|Any CPU.ActiveCfg = Release|Any CPU
		{42B9B0D9-B3A6-423A-8873-418BD5264123}.Release|Any CPU.Build.0 = Release|Any CPU
		{E1CA265B-74EB-40F2-AD21-05B158BD15A7}.Debug|Any CPU.ActiveCfg = Debug|Any CPU
		{E1CA265B-74EB-40F2-AD21-05B158BD15A7}.Debug|Any CPU.Build.0 = Debug|Any CPU
		{E1CA265B-74EB-40F2-AD21-05B158BD15A7}.Release|Any CPU.ActiveCfg = Release|Any CPU
		{E1CA265B-74EB-40F2-AD21-05B158BD15A7}.Release|Any CPU.Build.0 = Release|Any CPU
		{3A19607F-A58A-4075-98FE-C42A7BBD30C1}.Debug|Any CPU.ActiveCfg = Debug|Any CPU
		{3A19607F-A58A-4075-98FE-C42A7BBD30C1}.Debug|Any CPU.Build.0 = Debug|Any CPU
		{3A19607F-A58A-4075-98FE-C42A7BBD30C1}.Release|Any CPU.ActiveCfg = Release|Any CPU
		{3A19607F-A58A-4075-98FE-C42A7BBD30C1}.Release|Any CPU.Build.0 = Release|Any CPU
		{63889015-FBFD-419B-AE67-DCF29C780D32}.Debug|Any CPU.ActiveCfg = Debug|Any CPU
		{63889015-FBFD-419B-AE67-DCF29C780D32}.Debug|Any CPU.Build.0 = Debug|Any CPU
		{63889015-FBFD-419B-AE67-DCF29C780D32}.Release|Any CPU.ActiveCfg = Release|Any CPU
		{63889015-FBFD-419B-AE67-DCF29C780D32}.Release|Any CPU.Build.0 = Release|Any CPU
		{C9F49A73-612C-4E9E-AA4F-BB87BCC3DE14}.Debug|Any CPU.ActiveCfg = Debug|Any CPU
		{C9F49A73-612C-4E9E-AA4F-BB87BCC3DE14}.Debug|Any CPU.Build.0 = Debug|Any CPU
		{C9F49A73-612C-4E9E-AA4F-BB87BCC3DE14}.Release|Any CPU.ActiveCfg = Release|Any CPU
		{C9F49A73-612C-4E9E-AA4F-BB87BCC3DE14}.Release|Any CPU.Build.0 = Release|Any CPU
		{C970F0BA-A4E4-481B-A75A-A901939B4EF5}.Debug|Any CPU.ActiveCfg = Debug|Any CPU
		{C970F0BA-A4E4-481B-A75A-A901939B4EF5}.Debug|Any CPU.Build.0 = Debug|Any CPU
		{C970F0BA-A4E4-481B-A75A-A901939B4EF5}.Release|Any CPU.ActiveCfg = Release|Any CPU
		{C970F0BA-A4E4-481B-A75A-A901939B4EF5}.Release|Any CPU.Build.0 = Release|Any CPU
		{73711FD2-9AEE-4CE3-8E94-B6CB1EB84C8E}.Debug|Any CPU.ActiveCfg = Debug|Any CPU
		{73711FD2-9AEE-4CE3-8E94-B6CB1EB84C8E}.Debug|Any CPU.Build.0 = Debug|Any CPU
		{73711FD2-9AEE-4CE3-8E94-B6CB1EB84C8E}.Release|Any CPU.ActiveCfg = Release|Any CPU
		{73711FD2-9AEE-4CE3-8E94-B6CB1EB84C8E}.Release|Any CPU.Build.0 = Release|Any CPU
		{8AB58E72-0E77-4B35-9799-1628E634070D}.Debug|Any CPU.ActiveCfg = Debug|Any CPU
		{8AB58E72-0E77-4B35-9799-1628E634070D}.Debug|Any CPU.Build.0 = Debug|Any CPU
		{8AB58E72-0E77-4B35-9799-1628E634070D}.Release|Any CPU.ActiveCfg = Release|Any CPU
		{8AB58E72-0E77-4B35-9799-1628E634070D}.Release|Any CPU.Build.0 = Release|Any CPU
		{3DC8F321-8BD7-4E1E-B746-573D4DC2BB8F}.Debug|Any CPU.ActiveCfg = Debug|Any CPU
		{3DC8F321-8BD7-4E1E-B746-573D4DC2BB8F}.Debug|Any CPU.Build.0 = Debug|Any CPU
		{3DC8F321-8BD7-4E1E-B746-573D4DC2BB8F}.Release|Any CPU.ActiveCfg = Release|Any CPU
		{3DC8F321-8BD7-4E1E-B746-573D4DC2BB8F}.Release|Any CPU.Build.0 = Release|Any CPU
	EndGlobalSection
	GlobalSection(SolutionProperties) = preSolution
		HideSolutionNode = FALSE
	EndGlobalSection
	GlobalSection(NestedProjects) = preSolution
		{F4DA565C-3F3A-414A-B330-1170352E14D0} = {C471C36E-3EBE-46BD-A1D8-7429682C5C4F}
		{B9296411-70BB-444B-9C6B-30A3CFA49FAC} = {C471C36E-3EBE-46BD-A1D8-7429682C5C4F}
		{448D44FD-F771-4093-B3EE-CE9697999D5B} = {3265AEA1-E943-4040-ADA2-1796F79A3ECB}
		{2B6AD256-5F2C-48F0-B56A-D3E7A83E3EB5} = {3265AEA1-E943-4040-ADA2-1796F79A3ECB}
		{72881685-C61D-42A7-88C9-30C332A8F3AC} = {3265AEA1-E943-4040-ADA2-1796F79A3ECB}
		{874F27ED-5B29-4766-B2FE-B05ECEFF7A29} = {C471C36E-3EBE-46BD-A1D8-7429682C5C4F}
		{AE9BFC52-86E7-4190-800F-6487DFFD705C} = {874F27ED-5B29-4766-B2FE-B05ECEFF7A29}
		{AE40BF5F-FD75-47B2-B27D-8AEB26C95778} = {741CB76B-7F1B-440D-8511-4D0E34EABAB8}
		{60985C09-65BF-4967-9818-59DD9D4517FD} = {741CB76B-7F1B-440D-8511-4D0E34EABAB8}
		{5062738D-09C8-4306-9141-3444CB2F58B9} = {AE40BF5F-FD75-47B2-B27D-8AEB26C95778}
		{7553C1BF-D10D-45B2-90E5-D5B3C62D8C30} = {60985C09-65BF-4967-9818-59DD9D4517FD}
		{0539EFC1-2262-4B50-8B68-F44A38A4B2E2} = {60985C09-65BF-4967-9818-59DD9D4517FD}
		{7C5773A4-1D95-481C-BF43-CD4FC2FFDE6D} = {5F541154-C042-4943-92F2-3468BD9F06F7}
		{85ACA550-33EB-4F49-9C10-AE07C1693A81} = {B9296411-70BB-444B-9C6B-30A3CFA49FAC}
		{BE95094D-B469-44E5-8D3E-BCD2BDB0E275} = {F4DA565C-3F3A-414A-B330-1170352E14D0}
		{1636A831-05E6-4F6B-B8AE-2866099D1AED} = {0539EFC1-2262-4B50-8B68-F44A38A4B2E2}
		{3FFFFFC9-8F67-4E8F-931D-5FB310B4EE28} = {448D44FD-F771-4093-B3EE-CE9697999D5B}
		{42B9B0D9-B3A6-423A-8873-418BD5264123} = {72881685-C61D-42A7-88C9-30C332A8F3AC}
		{AFD30C25-50BB-4833-951D-49FF47705580} = {3265AEA1-E943-4040-ADA2-1796F79A3ECB}
		{E1CA265B-74EB-40F2-AD21-05B158BD15A7} = {AFD30C25-50BB-4833-951D-49FF47705580}
		{3A19607F-A58A-4075-98FE-C42A7BBD30C1} = {2B6AD256-5F2C-48F0-B56A-D3E7A83E3EB5}
		{D242BFC2-EC1A-4E9D-A1B8-F667C8CA30C5} = {F731ADD7-C5BD-4BB9-B66B-C8536D7B9EFA}
		{B73B34BB-61A9-4B55-A3FC-4316734B97B1} = {F731ADD7-C5BD-4BB9-B66B-C8536D7B9EFA}
		{63889015-FBFD-419B-AE67-DCF29C780D32} = {D242BFC2-EC1A-4E9D-A1B8-F667C8CA30C5}
		{C9F49A73-612C-4E9E-AA4F-BB87BCC3DE14} = {B73B34BB-61A9-4B55-A3FC-4316734B97B1}
		{C970F0BA-A4E4-481B-A75A-A901939B4EF5} = {7553C1BF-D10D-45B2-90E5-D5B3C62D8C30}
		{4B5CE235-16E7-4A29-B7B4-C02056EC4E59} = {741CB76B-7F1B-440D-8511-4D0E34EABAB8}
		{8623A67F-B3C9-4BC6-A888-B6DE57D82888} = {4B5CE235-16E7-4A29-B7B4-C02056EC4E59}
		{DBBF5C2D-C75C-4F82-B313-11D22A035CE7} = {4B5CE235-16E7-4A29-B7B4-C02056EC4E59}
		{73711FD2-9AEE-4CE3-8E94-B6CB1EB84C8E} = {8623A67F-B3C9-4BC6-A888-B6DE57D82888}
		{8AB58E72-0E77-4B35-9799-1628E634070D} = {DBBF5C2D-C75C-4F82-B313-11D22A035CE7}
		{BFC27EDA-1929-4256-B514-9BD8709CCEF9} = {4B5CE235-16E7-4A29-B7B4-C02056EC4E59}
		{3DC8F321-8BD7-4E1E-B746-573D4DC2BB8F} = {BFC27EDA-1929-4256-B514-9BD8709CCEF9}
	EndGlobalSection
	GlobalSection(ExtensibilityGlobals) = postSolution
		SolutionGuid = {168806EA-05B7-43A8-8761-1649249B39DE}
	EndGlobalSection
EndGlobal
